
Microsoft Visual Studio Solution File, Format Version 12.00
# Visual Studio Version 16
VisualStudioVersion = 16.0.31205.134
MinimumVisualStudioVersion = 10.0.40219.1
Project("{9A19103F-16F7-4668-BE54-9A1E7A4F7556}") = "ESimonMensageria.Client", "Client\ESimonMensageria.Client.csproj", "{8E5495E6-D388-4FB4-B459-09261B5AFA2B}"
EndProject
Project("{FAE04EC0-301F-11D3-BF4B-00C04F79EFBC}") = "ESimonMensageria.Server", "Server\ESimonMensageria.Server.csproj", "{D0BEFB04-48C1-4A4E-BBAD-DE86642337F5}"
EndProject
Project("{FAE04EC0-301F-11D3-BF4B-00C04F79EFBC}") = "ESimonMensageria.Model", "Model\ESimonMensageria.Model.csproj", "{C30CEB41-892D-4FF0-9243-A8F590DD9C66}"
EndProject
Global
	GlobalSection(SolutionConfigurationPlatforms) = preSolution
		Debug|Any CPU = Debug|Any CPU
		Release|Any CPU = Release|Any CPU
	EndGlobalSection
	GlobalSection(ProjectConfigurationPlatforms) = postSolution
		{8E5495E6-D388-4FB4-B459-09261B5AFA2B}.Debug|Any CPU.ActiveCfg = Debug|Any CPU
		{8E5495E6-D388-4FB4-B459-09261B5AFA2B}.Debug|Any CPU.Build.0 = Debug|Any CPU
		{8E5495E6-D388-4FB4-B459-09261B5AFA2B}.Release|Any CPU.ActiveCfg = Release|Any CPU
		{8E5495E6-D388-4FB4-B459-09261B5AFA2B}.Release|Any CPU.Build.0 = Release|Any CPU
		{D0BEFB04-48C1-4A4E-BBAD-DE86642337F5}.Debug|Any CPU.ActiveCfg = Debug|Any CPU
		{D0BEFB04-48C1-4A4E-BBAD-DE86642337F5}.Debug|Any CPU.Build.0 = Debug|Any CPU
		{D0BEFB04-48C1-4A4E-BBAD-DE86642337F5}.Release|Any CPU.ActiveCfg = Release|Any CPU
		{D0BEFB04-48C1-4A4E-BBAD-DE86642337F5}.Release|Any CPU.Build.0 = Release|Any CPU
		{C30CEB41-892D-4FF0-9243-A8F590DD9C66}.Debug|Any CPU.ActiveCfg = Debug|Any CPU
		{C30CEB41-892D-4FF0-9243-A8F590DD9C66}.Debug|Any CPU.Build.0 = Debug|Any CPU
		{C30CEB41-892D-4FF0-9243-A8F590DD9C66}.Release|Any CPU.ActiveCfg = Release|Any CPU
		{C30CEB41-892D-4FF0-9243-A8F590DD9C66}.Release|Any CPU.Build.0 = Release|Any CPU
	EndGlobalSection
	GlobalSection(SolutionProperties) = preSolution
		HideSolutionNode = FALSE
	EndGlobalSection
	GlobalSection(ExtensibilityGlobals) = postSolution
		SolutionGuid = {395ADEC0-AC5B-456B-9177-E047CA736AE2}
	EndGlobalSection
EndGlobal
